
Microsoft Visual Studio Solution File, Format Version 12.00
# Visual Studio Version 16
VisualStudioVersion = 16.0.29806.167
MinimumVisualStudioVersion = 10.0.40219.1
Project("{FAE04EC0-301F-11D3-BF4B-00C04F79EFBC}") = "STIG_Manager_2", "STIG_Manager_2\STIG_Manager_2.csproj", "{CD32A725-2D1C-4ACD-B61A-A9A1F4D27300}"
EndProject
Project("{FAE04EC0-301F-11D3-BF4B-00C04F79EFBC}") = "STIG_Manager_2Tests", "STIG_Manager_2Tests\STIG_Manager_2Tests.csproj", "{E03B7AEB-050E-446B-86F6-808E8E5CA79C}"
EndProject
Global
	GlobalSection(SolutionConfigurationPlatforms) = preSolution
		Debug|Any CPU = Debug|Any CPU
		Release|Any CPU = Release|Any CPU
	EndGlobalSection
	GlobalSection(ProjectConfigurationPlatforms) = postSolution
		{CD32A725-2D1C-4ACD-B61A-A9A1F4D27300}.Debug|Any CPU.ActiveCfg = Debug|Any CPU
		{CD32A725-2D1C-4ACD-B61A-A9A1F4D27300}.Debug|Any CPU.Build.0 = Debug|Any CPU
		{CD32A725-2D1C-4ACD-B61A-A9A1F4D27300}.Release|Any CPU.ActiveCfg = Release|Any CPU
		{CD32A725-2D1C-4ACD-B61A-A9A1F4D27300}.Release|Any CPU.Build.0 = Release|Any CPU
		{E03B7AEB-050E-446B-86F6-808E8E5CA79C}.Debug|Any CPU.ActiveCfg = Debug|Any CPU
		{E03B7AEB-050E-446B-86F6-808E8E5CA79C}.Debug|Any CPU.Build.0 = Debug|Any CPU
		{E03B7AEB-050E-446B-86F6-808E8E5CA79C}.Release|Any CPU.ActiveCfg = Release|Any CPU
		{E03B7AEB-050E-446B-86F6-808E8E5CA79C}.Release|Any CPU.Build.0 = Release|Any CPU
	EndGlobalSection
	GlobalSection(SolutionProperties) = preSolution
		HideSolutionNode = FALSE
	EndGlobalSection
	GlobalSection(ExtensibilityGlobals) = postSolution
		SolutionGuid = {CED46FCC-4782-4453-A5C4-78933C127FCF}
	EndGlobalSection
EndGlobal
